// !$*UTF8*$!
{
	archiveVersion = 1;
	classes = {
	};
	objectVersion = 46;
	objects = {

/* Begin PBXBuildFile section */
		045C5F541A03C90C00ED77B9 /* AppDelegate.swift in Sources */ = {isa = PBXBuildFile; fileRef = 045C5F531A03C90C00ED77B9 /* AppDelegate.swift */; };
		045C5F561A03C90C00ED77B9 /* ViewController.swift in Sources */ = {isa = PBXBuildFile; fileRef = 045C5F551A03C90C00ED77B9 /* ViewController.swift */; };
		045C5F591A03C90C00ED77B9 /* Main.storyboard in Resources */ = {isa = PBXBuildFile; fileRef = 045C5F571A03C90C00ED77B9 /* Main.storyboard */; };
		045C5F5B1A03C90C00ED77B9 /* Images.xcassets in Resources */ = {isa = PBXBuildFile; fileRef = 045C5F5A1A03C90C00ED77B9 /* Images.xcassets */; };
		045C5F5E1A03C90C00ED77B9 /* LaunchScreen.xib in Resources */ = {isa = PBXBuildFile; fileRef = 045C5F5C1A03C90C00ED77B9 /* LaunchScreen.xib */; };
		045C5F6A1A03C90C00ED77B9 /* FingerPaintTests.swift in Sources */ = {isa = PBXBuildFile; fileRef = 045C5F691A03C90C00ED77B9 /* FingerPaintTests.swift */; };
		045C5F751A03CA5200ED77B9 /* SpecTests.swift in Sources */ = {isa = PBXBuildFile; fileRef = 045C5F741A03CA5200ED77B9 /* SpecTests.swift */; };
		045C5F761A03CB4300ED77B9 /* ViewController.swift in Sources */ = {isa = PBXBuildFile; fileRef = 045C5F551A03C90C00ED77B9 /* ViewController.swift */; };
		045C5F771A03CB7800ED77B9 /* AppDelegate.swift in Sources */ = {isa = PBXBuildFile; fileRef = 045C5F531A03C90C00ED77B9 /* AppDelegate.swift */; };
		045C5F791A03CC2B00ED77B9 /* CanvasView.swift in Sources */ = {isa = PBXBuildFile; fileRef = 045C5F781A03CC2B00ED77B9 /* CanvasView.swift */; };
		045C5F7A1A03CC2B00ED77B9 /* CanvasView.swift in Sources */ = {isa = PBXBuildFile; fileRef = 045C5F781A03CC2B00ED77B9 /* CanvasView.swift */; };
		045C5F7B1A03CF9A00ED77B9 /* Main.storyboard in Resources */ = {isa = PBXBuildFile; fileRef = 045C5F571A03C90C00ED77B9 /* Main.storyboard */; };
/* End PBXBuildFile section */

/* Begin PBXContainerItemProxy section */
		045C5F641A03C90C00ED77B9 /* PBXContainerItemProxy */ = {
			isa = PBXContainerItemProxy;
			containerPortal = 045C5F461A03C90C00ED77B9 /* Project object */;
			proxyType = 1;
			remoteGlobalIDString = 045C5F4D1A03C90C00ED77B9;
			remoteInfo = FingerPaint;
		};
/* End PBXContainerItemProxy section */

/* Begin PBXFileReference section */
		045C5F4E1A03C90C00ED77B9 /* FingerPaint.app */ = {isa = PBXFileReference; explicitFileType = wrapper.application; includeInIndex = 0; path = FingerPaint.app; sourceTree = BUILT_PRODUCTS_DIR; };
		045C5F521A03C90C00ED77B9 /* Info.plist */ = {isa = PBXFileReference; lastKnownFileType = text.plist.xml; path = Info.plist; sourceTree = "<group>"; };
		045C5F531A03C90C00ED77B9 /* AppDelegate.swift */ = {isa = PBXFileReference; lastKnownFileType = sourcecode.swift; path = AppDelegate.swift; sourceTree = "<group>"; };
		045C5F551A03C90C00ED77B9 /* ViewController.swift */ = {isa = PBXFileReference; lastKnownFileType = sourcecode.swift; path = ViewController.swift; sourceTree = "<group>"; };
		045C5F581A03C90C00ED77B9 /* Base */ = {isa = PBXFileReference; lastKnownFileType = file.storyboard; name = Base; path = Base.lproj/Main.storyboard; sourceTree = "<group>"; };
		045C5F5A1A03C90C00ED77B9 /* Images.xcassets */ = {isa = PBXFileReference; lastKnownFileType = folder.assetcatalog; path = Images.xcassets; sourceTree = "<group>"; };
		045C5F5D1A03C90C00ED77B9 /* Base */ = {isa = PBXFileReference; lastKnownFileType = file.xib; name = Base; path = Base.lproj/LaunchScreen.xib; sourceTree = "<group>"; };
		045C5F631A03C90C00ED77B9 /* FingerPaintTests.xctest */ = {isa = PBXFileReference; explicitFileType = wrapper.cfbundle; includeInIndex = 0; path = FingerPaintTests.xctest; sourceTree = BUILT_PRODUCTS_DIR; };
		045C5F681A03C90C00ED77B9 /* Info.plist */ = {isa = PBXFileReference; lastKnownFileType = text.plist.xml; path = Info.plist; sourceTree = "<group>"; };
		045C5F691A03C90C00ED77B9 /* FingerPaintTests.swift */ = {isa = PBXFileReference; lastKnownFileType = sourcecode.swift; path = FingerPaintTests.swift; sourceTree = "<group>"; };
		045C5F741A03CA5200ED77B9 /* SpecTests.swift */ = {isa = PBXFileReference; fileEncoding = 4; lastKnownFileType = sourcecode.swift; path = SpecTests.swift; sourceTree = "<group>"; };
		045C5F781A03CC2B00ED77B9 /* CanvasView.swift */ = {isa = PBXFileReference; fileEncoding = 4; lastKnownFileType = sourcecode.swift; path = CanvasView.swift; sourceTree = "<group>"; };
/* End PBXFileReference section */

/* Begin PBXFrameworksBuildPhase section */
		045C5F4B1A03C90C00ED77B9 /* Frameworks */ = {
			isa = PBXFrameworksBuildPhase;
			buildActionMask = 2147483647;
			files = (
			);
			runOnlyForDeploymentPostprocessing = 0;
		};
		045C5F601A03C90C00ED77B9 /* Frameworks */ = {
			isa = PBXFrameworksBuildPhase;
			buildActionMask = 2147483647;
			files = (
			);
			runOnlyForDeploymentPostprocessing = 0;
		};
/* End PBXFrameworksBuildPhase section */

/* Begin PBXGroup section */
		045C5F451A03C90C00ED77B9 = {
			isa = PBXGroup;
			children = (
				045C5F501A03C90C00ED77B9 /* FingerPaint */,
				045C5F661A03C90C00ED77B9 /* FingerPaintTests */,
				045C5F4F1A03C90C00ED77B9 /* Products */,
			);
			sourceTree = "<group>";
		};
		045C5F4F1A03C90C00ED77B9 /* Products */ = {
			isa = PBXGroup;
			children = (
				045C5F4E1A03C90C00ED77B9 /* FingerPaint.app */,
				045C5F631A03C90C00ED77B9 /* FingerPaintTests.xctest */,
			);
			name = Products;
			sourceTree = "<group>";
		};
		045C5F501A03C90C00ED77B9 /* FingerPaint */ = {
			isa = PBXGroup;
			children = (
				045C5F531A03C90C00ED77B9 /* AppDelegate.swift */,
				045C5F551A03C90C00ED77B9 /* ViewController.swift */,
				045C5F571A03C90C00ED77B9 /* Main.storyboard */,
				045C5F5A1A03C90C00ED77B9 /* Images.xcassets */,
				045C5F5C1A03C90C00ED77B9 /* LaunchScreen.xib */,
				045C5F511A03C90C00ED77B9 /* Supporting Files */,
				045C5F781A03CC2B00ED77B9 /* CanvasView.swift */,
			);
			path = FingerPaint;
			sourceTree = "<group>";
		};
		045C5F511A03C90C00ED77B9 /* Supporting Files */ = {
			isa = PBXGroup;
			children = (
				045C5F521A03C90C00ED77B9 /* Info.plist */,
			);
			name = "Supporting Files";
			sourceTree = "<group>";
		};
		045C5F661A03C90C00ED77B9 /* FingerPaintTests */ = {
			isa = PBXGroup;
			children = (
				045C5F731A03CA5200ED77B9 /* spec */,
				045C5F691A03C90C00ED77B9 /* FingerPaintTests.swift */,
				045C5F671A03C90C00ED77B9 /* Supporting Files */,
			);
			path = FingerPaintTests;
			sourceTree = "<group>";
		};
		045C5F671A03C90C00ED77B9 /* Supporting Files */ = {
			isa = PBXGroup;
			children = (
				045C5F681A03C90C00ED77B9 /* Info.plist */,
			);
			name = "Supporting Files";
			sourceTree = "<group>";
		};
		045C5F731A03CA5200ED77B9 /* spec */ = {
			isa = PBXGroup;
			children = (
				045C5F741A03CA5200ED77B9 /* SpecTests.swift */,
			);
			path = spec;
			sourceTree = "<group>";
		};
/* End PBXGroup section */

/* Begin PBXNativeTarget section */
		045C5F4D1A03C90C00ED77B9 /* FingerPaint */ = {
			isa = PBXNativeTarget;
			buildConfigurationList = 045C5F6D1A03C90C00ED77B9 /* Build configuration list for PBXNativeTarget "FingerPaint" */;
			buildPhases = (
				045C5F4A1A03C90C00ED77B9 /* Sources */,
				045C5F4B1A03C90C00ED77B9 /* Frameworks */,
				045C5F4C1A03C90C00ED77B9 /* Resources */,
			);
			buildRules = (
			);
			dependencies = (
			);
			name = FingerPaint;
			productName = FingerPaint;
			productReference = 045C5F4E1A03C90C00ED77B9 /* FingerPaint.app */;
			productType = "com.apple.product-type.application";
		};
		045C5F621A03C90C00ED77B9 /* FingerPaintTests */ = {
			isa = PBXNativeTarget;
			buildConfigurationList = 045C5F701A03C90C00ED77B9 /* Build configuration list for PBXNativeTarget "FingerPaintTests" */;
			buildPhases = (
				045C5F5F1A03C90C00ED77B9 /* Sources */,
				045C5F601A03C90C00ED77B9 /* Frameworks */,
				045C5F611A03C90C00ED77B9 /* Resources */,
			);
			buildRules = (
			);
			dependencies = (
				045C5F651A03C90C00ED77B9 /* PBXTargetDependency */,
			);
			name = FingerPaintTests;
			productName = FingerPaintTests;
			productReference = 045C5F631A03C90C00ED77B9 /* FingerPaintTests.xctest */;
			productType = "com.apple.product-type.bundle.unit-test";
		};
/* End PBXNativeTarget section */

/* Begin PBXProject section */
		045C5F461A03C90C00ED77B9 /* Project object */ = {
			isa = PBXProject;
			attributes = {
				LastUpgradeCheck = 0610;
				ORGANIZATIONNAME = yrom;
				TargetAttributes = {
					045C5F4D1A03C90C00ED77B9 = {
						CreatedOnToolsVersion = 6.1;
					};
					045C5F621A03C90C00ED77B9 = {
						CreatedOnToolsVersion = 6.1;
						TestTargetID = 045C5F4D1A03C90C00ED77B9;
					};
				};
			};
			buildConfigurationList = 045C5F491A03C90C00ED77B9 /* Build configuration list for PBXProject "FingerPaint" */;
			compatibilityVersion = "Xcode 3.2";
			developmentRegion = English;
			hasScannedForEncodings = 0;
			knownRegions = (
				en,
				Base,
			);
			mainGroup = 045C5F451A03C90C00ED77B9;
			productRefGroup = 045C5F4F1A03C90C00ED77B9 /* Products */;
			projectDirPath = "";
			projectRoot = "";
			targets = (
				045C5F4D1A03C90C00ED77B9 /* FingerPaint */,
				045C5F621A03C90C00ED77B9 /* FingerPaintTests */,
			);
		};
/* End PBXProject section */

/* Begin PBXResourcesBuildPhase section */
		045C5F4C1A03C90C00ED77B9 /* Resources */ = {
			isa = PBXResourcesBuildPhase;
			buildActionMask = 2147483647;
			files = (
				045C5F591A03C90C00ED77B9 /* Main.storyboard in Resources */,
				045C5F5E1A03C90C00ED77B9 /* LaunchScreen.xib in Resources */,
				045C5F5B1A03C90C00ED77B9 /* Images.xcassets in Resources */,
			);
			runOnlyForDeploymentPostprocessing = 0;
		};
		045C5F611A03C90C00ED77B9 /* Resources */ = {
			isa = PBXResourcesBuildPhase;
			buildActionMask = 2147483647;
			files = (
				045C5F7B1A03CF9A00ED77B9 /* Main.storyboard in Resources */,
			);
			runOnlyForDeploymentPostprocessing = 0;
		};
/* End PBXResourcesBuildPhase section */

/* Begin PBXSourcesBuildPhase section */
		045C5F4A1A03C90C00ED77B9 /* Sources */ = {
			isa = PBXSourcesBuildPhase;
			buildActionMask = 2147483647;
			files = (
				045C5F561A03C90C00ED77B9 /* ViewController.swift in Sources */,
				045C5F541A03C90C00ED77B9 /* AppDelegate.swift in Sources */,
				045C5F791A03CC2B00ED77B9 /* CanvasView.swift in Sources */,
			);
			runOnlyForDeploymentPostprocessing = 0;
		};
		045C5F5F1A03C90C00ED77B9 /* Sources */ = {
			isa = PBXSourcesBuildPhase;
			buildActionMask = 2147483647;
			files = (
				045C5F771A03CB7800ED77B9 /* AppDelegate.swift in Sources */,
				045C5F761A03CB4300ED77B9 /* ViewController.swift in Sources */,
				045C5F7A1A03CC2B00ED77B9 /* CanvasView.swift in Sources */,
				045C5F751A03CA5200ED77B9 /* SpecTests.swift in Sources */,
				045C5F6A1A03C90C00ED77B9 /* FingerPaintTests.swift in Sources */,
			);
			runOnlyForDeploymentPostprocessing = 0;
		};
/* End PBXSourcesBuildPhase section */

/* Begin PBXTargetDependency section */
		045C5F651A03C90C00ED77B9 /* PBXTargetDependency */ = {
			isa = PBXTargetDependency;
			target = 045C5F4D1A03C90C00ED77B9 /* FingerPaint */;
			targetProxy = 045C5F641A03C90C00ED77B9 /* PBXContainerItemProxy */;
		};
/* End PBXTargetDependency section */

/* Begin PBXVariantGroup section */
		045C5F571A03C90C00ED77B9 /* Main.storyboard */ = {
			isa = PBXVariantGroup;
			children = (
				045C5F581A03C90C00ED77B9 /* Base */,
			);
			name = Main.storyboard;
			sourceTree = "<group>";
		};
		045C5F5C1A03C90C00ED77B9 /* LaunchScreen.xib */ = {
			isa = PBXVariantGroup;
			children = (
				045C5F5D1A03C90C00ED77B9 /* Base */,
			);
			name = LaunchScreen.xib;
			sourceTree = "<group>";
		};
/* End PBXVariantGroup section */

/* Begin XCBuildConfiguration section */
		045C5F6B1A03C90C00ED77B9 /* Debug */ = {
			isa = XCBuildConfiguration;
			buildSettings = {
				ALWAYS_SEARCH_USER_PATHS = NO;
				CLANG_CXX_LANGUAGE_STANDARD = "gnu++0x";
				CLANG_CXX_LIBRARY = "libc++";
				CLANG_ENABLE_MODULES = YES;
				CLANG_ENABLE_OBJC_ARC = YES;
				CLANG_WARN_BOOL_CONVERSION = YES;
				CLANG_WARN_CONSTANT_CONVERSION = YES;
				CLANG_WARN_DIRECT_OBJC_ISA_USAGE = YES_ERROR;
				CLANG_WARN_EMPTY_BODY = YES;
				CLANG_WARN_ENUM_CONVERSION = YES;
				CLANG_WARN_INT_CONVERSION = YES;
				CLANG_WARN_OBJC_ROOT_CLASS = YES_ERROR;
				CLANG_WARN_UNREACHABLE_CODE = YES;
				CLANG_WARN__DUPLICATE_METHOD_MATCH = YES;
				"CODE_SIGN_IDENTITY[sdk=iphoneos*]" = "iPhone Developer";
				COPY_PHASE_STRIP = NO;
				ENABLE_STRICT_OBJC_MSGSEND = YES;
				GCC_C_LANGUAGE_STANDARD = gnu99;
				GCC_DYNAMIC_NO_PIC = NO;
				GCC_OPTIMIZATION_LEVEL = 0;
				GCC_PREPROCESSOR_DEFINITIONS = (
					"DEBUG=1",
					"$(inherited)",
				);
				GCC_SYMBOLS_PRIVATE_EXTERN = NO;
				GCC_WARN_64_TO_32_BIT_CONVERSION = YES;
				GCC_WARN_ABOUT_RETURN_TYPE = YES_ERROR;
				GCC_WARN_UNDECLARED_SELECTOR = YES;
				GCC_WARN_UNINITIALIZED_AUTOS = YES_AGGRESSIVE;
				GCC_WARN_UNUSED_FUNCTION = YES;
				GCC_WARN_UNUSED_VARIABLE = YES;
				IPHONEOS_DEPLOYMENT_TARGET = 8.1;
				MTL_ENABLE_DEBUG_INFO = YES;
				ONLY_ACTIVE_ARCH = YES;
				SDKROOT = iphoneos;
				SWIFT_OPTIMIZATION_LEVEL = "-Onone";
			};
			name = Debug;
		};
		045C5F6C1A03C90C00ED77B9 /* Release */ = {
			isa = XCBuildConfiguration;
			buildSettings = {
				ALWAYS_SEARCH_USER_PATHS = NO;
				CLANG_CXX_LANGUAGE_STANDARD = "gnu++0x";
				CLANG_CXX_LIBRARY = "libc++";
				CLANG_ENABLE_MODULES = YES;
				CLANG_ENABLE_OBJC_ARC = YES;
				CLANG_WARN_BOOL_CONVERSION = YES;
				CLANG_WARN_CONSTANT_CONVERSION = YES;
				CLANG_WARN_DIRECT_OBJC_ISA_USAGE = YES_ERROR;
				CLANG_WARN_EMPTY_BODY = YES;
				CLANG_WARN_ENUM_CONVERSION = YES;
				CLANG_WARN_INT_CONVERSION = YES;
				CLANG_WARN_OBJC_ROOT_CLASS = YES_ERROR;
				CLANG_WARN_UNREACHABLE_CODE = YES;
				CLANG_WARN__DUPLICATE_METHOD_MATCH = YES;
				"CODE_SIGN_IDENTITY[sdk=iphoneos*]" = "iPhone Developer";
				COPY_PHASE_STRIP = YES;
				ENABLE_NS_ASSERTIONS = NO;
				ENABLE_STRICT_OBJC_MSGSEND = YES;
				GCC_C_LANGUAGE_STANDARD = gnu99;
				GCC_WARN_64_TO_32_BIT_CONVERSION = YES;
				GCC_WARN_ABOUT_RETURN_TYPE = YES_ERROR;
				GCC_WARN_UNDECLARED_SELECTOR = YES;
				GCC_WARN_UNINITIALIZED_AUTOS = YES_AGGRESSIVE;
				GCC_WARN_UNUSED_FUNCTION = YES;
				GCC_WARN_UNUSED_VARIABLE = YES;
				IPHONEOS_DEPLOYMENT_TARGET = 8.1;
				MTL_ENABLE_DEBUG_INFO = NO;
				SDKROOT = iphoneos;
				VALIDATE_PRODUCT = YES;
			};
			name = Release;
		};
		045C5F6E1A03C90C00ED77B9 /* Debug */ = {
			isa = XCBuildConfiguration;
			buildSettings = {
				ASSETCATALOG_COMPILER_APPICON_NAME = AppIcon;
				INFOPLIST_FILE = FingerPaint/Info.plist;
				LD_RUNPATH_SEARCH_PATHS = "$(inherited) @executable_path/Frameworks";
				PRODUCT_NAME = "$(TARGET_NAME)";
			};
			name = Debug;
		};
		045C5F6F1A03C90C00ED77B9 /* Release */ = {
			isa = XCBuildConfiguration;
			buildSettings = {
				ASSETCATALOG_COMPILER_APPICON_NAME = AppIcon;
				INFOPLIST_FILE = FingerPaint/Info.plist;
				LD_RUNPATH_SEARCH_PATHS = "$(inherited) @executable_path/Frameworks";
				PRODUCT_NAME = "$(TARGET_NAME)";
			};
			name = Release;
		};
		045C5F711A03C90C00ED77B9 /* Debug */ = {
			isa = XCBuildConfiguration;
			buildSettings = {
				BUNDLE_LOADER = "$(TEST_HOST)";
				FRAMEWORK_SEARCH_PATHS = (
					"$(SDKROOT)/Developer/Library/Frameworks",
					"$(inherited)",
				);
				GCC_PREPROCESSOR_DEFINITIONS = (
					"DEBUG=1",
					"$(inherited)",
				);
				INFOPLIST_FILE = FingerPaintTests/Info.plist;
				LD_RUNPATH_SEARCH_PATHS = "$(inherited) @executable_path/Frameworks @loader_path/Frameworks";
				PRODUCT_NAME = "$(TARGET_NAME)";
				TEST_HOST = "$(BUILT_PRODUCTS_DIR)/FingerPaint.app/FingerPaint";
			};
			name = Debug;
		};
		045C5F721A03C90C00ED77B9 /* Release */ = {
			isa = XCBuildConfiguration;
			buildSettings = {
				BUNDLE_LOADER = "$(TEST_HOST)";
				FRAMEWORK_SEARCH_PATHS = (
					"$(SDKROOT)/Developer/Library/Frameworks",
					"$(inherited)",
				);
				INFOPLIST_FILE = FingerPaintTests/Info.plist;
				LD_RUNPATH_SEARCH_PATHS = "$(inherited) @executable_path/Frameworks @loader_path/Frameworks";
				PRODUCT_NAME = "$(TARGET_NAME)";
				TEST_HOST = "$(BUILT_PRODUCTS_DIR)/FingerPaint.app/FingerPaint";
			};
			name = Release;
		};
/* End XCBuildConfiguration section */

/* Begin XCConfigurationList section */
		045C5F491A03C90C00ED77B9 /* Build configuration list for PBXProject "FingerPaint" */ = {
			isa = XCConfigurationList;
			buildConfigurations = (
				045C5F6B1A03C90C00ED77B9 /* Debug */,
				045C5F6C1A03C90C00ED77B9 /* Release */,
			);
			defaultConfigurationIsVisible = 0;
			defaultConfigurationName = Release;
		};
		045C5F6D1A03C90C00ED77B9 /* Build configuration list for PBXNativeTarget "FingerPaint" */ = {
			isa = XCConfigurationList;
			buildConfigurations = (
				045C5F6E1A03C90C00ED77B9 /* Debug */,
				045C5F6F1A03C90C00ED77B9 /* Release */,
			);
			defaultConfigurationIsVisible = 0;
		};
		045C5F701A03C90C00ED77B9 /* Build configuration list for PBXNativeTarget "FingerPaintTests" */ = {
			isa = XCConfigurationList;
			buildConfigurations = (
				045C5F711A03C90C00ED77B9 /* Debug */,
				045C5F721A03C90C00ED77B9 /* Release */,
			);
			defaultConfigurationIsVisible = 0;
		};
/* End XCConfigurationList section */
	};
	rootObject = 045C5F461A03C90C00ED77B9 /* Project object */;
}
